
Microsoft Visual Studio Solution File, Format Version 12.00
# Visual Studio Version 16
VisualStudioVersion = 16.0.31515.178
MinimumVisualStudioVersion = 10.0.40219.1
Project("{FAE04EC0-301F-11D3-BF4B-00C04F79EFBC}") = "ProyectoIOS.Android", "ProyectoIOS\ProyectoIOS.Android\ProyectoIOS.Android.csproj", "{A7036302-9F9E-45B8-95B8-2B071FF25144}"
EndProject
Project("{FAE04EC0-301F-11D3-BF4B-00C04F79EFBC}") = "ProyectoIOS.iOS", "ProyectoIOS\ProyectoIOS.iOS\ProyectoIOS.iOS.csproj", "{507D52DF-D479-4577-9C04-EAA2F4F0F3DB}"
EndProject
Project("{9A19103F-16F7-4668-BE54-9A1E7A4F7556}") = "ProyectoIOS", "ProyectoIOS\ProyectoIOS\ProyectoIOS.csproj", "{6724A77D-3500-4EDF-8EB7-E6F49822A4C5}"
EndProject
Global
	GlobalSection(SolutionConfigurationPlatforms) = preSolution
		Debug|Any CPU = Debug|Any CPU
		Debug|iPhone = Debug|iPhone
		Debug|iPhoneSimulator = Debug|iPhoneSimulator
		Release|Any CPU = Release|Any CPU
		Release|iPhone = Release|iPhone
		Release|iPhoneSimulator = Release|iPhoneSimulator
	EndGlobalSection
	GlobalSection(ProjectConfigurationPlatforms) = postSolution
		{A7036302-9F9E-45B8-95B8-2B071FF25144}.Debug|Any CPU.ActiveCfg = Debug|Any CPU
		{A7036302-9F9E-45B8-95B8-2B071FF25144}.Debug|Any CPU.Build.0 = Debug|Any CPU
		{A7036302-9F9E-45B8-95B8-2B071FF25144}.Debug|Any CPU.Deploy.0 = Debug|Any CPU
		{A7036302-9F9E-45B8-95B8-2B071FF25144}.Debug|iPhone.ActiveCfg = Debug|Any CPU
		{A7036302-9F9E-45B8-95B8-2B071FF25144}.Debug|iPhone.Build.0 = Debug|Any CPU
		{A7036302-9F9E-45B8-95B8-2B071FF25144}.Debug|iPhone.Deploy.0 = Debug|Any CPU
		{A7036302-9F9E-45B8-95B8-2B071FF25144}.Debug|iPhoneSimulator.ActiveCfg = Debug|Any CPU
		{A7036302-9F9E-45B8-95B8-2B071FF25144}.Debug|iPhoneSimulator.Build.0 = Debug|Any CPU
		{A7036302-9F9E-45B8-95B8-2B071FF25144}.Debug|iPhoneSimulator.Deploy.0 = Debug|Any CPU
		{A7036302-9F9E-45B8-95B8-2B071FF25144}.Release|Any CPU.ActiveCfg = Release|Any CPU
		{A7036302-9F9E-45B8-95B8-2B071FF25144}.Release|Any CPU.Build.0 = Release|Any CPU
		{A7036302-9F9E-45B8-95B8-2B071FF25144}.Release|Any CPU.Deploy.0 = Release|Any CPU
		{A7036302-9F9E-45B8-95B8-2B071FF25144}.Release|iPhone.ActiveCfg = Release|Any CPU
		{A7036302-9F9E-45B8-95B8-2B071FF25144}.Release|iPhone.Build.0 = Release|Any CPU
		{A7036302-9F9E-45B8-95B8-2B071FF25144}.Release|iPhone.Deploy.0 = Release|Any CPU
		{A7036302-9F9E-45B8-95B8-2B071FF25144}.Release|iPhoneSimulator.ActiveCfg = Release|Any CPU
		{A7036302-9F9E-45B8-95B8-2B071FF25144}.Release|iPhoneSimulator.Build.0 = Release|Any CPU
		{A7036302-9F9E-45B8-95B8-2B071FF25144}.Release|iPhoneSimulator.Deploy.0 = Release|Any CPU
		{507D52DF-D479-4577-9C04-EAA2F4F0F3DB}.Debug|Any CPU.ActiveCfg = Debug|iPhone
		{507D52DF-D479-4577-9C04-EAA2F4F0F3DB}.Debug|Any CPU.Build.0 = Debug|iPhone
		{507D52DF-D479-4577-9C04-EAA2F4F0F3DB}.Debug|Any CPU.Deploy.0 = Debug|iPhone
		{507D52DF-D479-4577-9C04-EAA2F4F0F3DB}.Debug|iPhone.ActiveCfg = Debug|iPhone
		{507D52DF-D479-4577-9C04-EAA2F4F0F3DB}.Debug|iPhone.Build.0 = Debug|iPhone
		{507D52DF-D479-4577-9C04-EAA2F4F0F3DB}.Debug|iPhone.Deploy.0 = Debug|iPhone
		{507D52DF-D479-4577-9C04-EAA2F4F0F3DB}.Debug|iPhoneSimulator.ActiveCfg = Debug|iPhoneSimulator
		{507D52DF-D479-4577-9C04-EAA2F4F0F3DB}.Debug|iPhoneSimulator.Build.0 = Debug|iPhoneSimulator
		{507D52DF-D479-4577-9C04-EAA2F4F0F3DB}.Debug|iPhoneSimulator.Deploy.0 = Debug|iPhoneSimulator
		{507D52DF-D479-4577-9C04-EAA2F4F0F3DB}.Release|Any CPU.ActiveCfg = Release|iPhoneSimulator
		{507D52DF-D479-4577-9C04-EAA2F4F0F3DB}.Release|Any CPU.Build.0 = Release|iPhoneSimulator
		{507D52DF-D479-4577-9C04-EAA2F4F0F3DB}.Release|Any CPU.Deploy.0 = Release|iPhoneSimulator
		{507D52DF-D479-4577-9C04-EAA2F4F0F3DB}.Release|iPhone.ActiveCfg = Release|iPhone
		{507D52DF-D479-4577-9C04-EAA2F4F0F3DB}.Release|iPhone.Build.0 = Release|iPhone
		{507D52DF-D479-4577-9C04-EAA2F4F0F3DB}.Release|iPhone.Deploy.0 = Release|iPhone
		{507D52DF-D479-4577-9C04-EAA2F4F0F3DB}.Release|iPhoneSimulator.ActiveCfg = Release|iPhoneSimulator
		{507D52DF-D479-4577-9C04-EAA2F4F0F3DB}.Release|iPhoneSimulator.Build.0 = Release|iPhoneSimulator
		{507D52DF-D479-4577-9C04-EAA2F4F0F3DB}.Release|iPhoneSimulator.Deploy.0 = Release|iPhoneSimulator
		{6724A77D-3500-4EDF-8EB7-E6F49822A4C5}.Debug|Any CPU.ActiveCfg = Debug|Any CPU
		{6724A77D-3500-4EDF-8EB7-E6F49822A4C5}.Debug|Any CPU.Build.0 = Debug|Any CPU
		{6724A77D-3500-4EDF-8EB7-E6F49822A4C5}.Debug|Any CPU.Deploy.0 = Debug|Any CPU
		{6724A77D-3500-4EDF-8EB7-E6F49822A4C5}.Debug|iPhone.ActiveCfg = Debug|Any CPU
		{6724A77D-3500-4EDF-8EB7-E6F49822A4C5}.Debug|iPhone.Build.0 = Debug|Any CPU
		{6724A77D-3500-4EDF-8EB7-E6F49822A4C5}.Debug|iPhone.Deploy.0 = Debug|Any CPU
		{6724A77D-3500-4EDF-8EB7-E6F49822A4C5}.Debug|iPhoneSimulator.ActiveCfg = Debug|Any CPU
		{6724A77D-3500-4EDF-8EB7-E6F49822A4C5}.Debug|iPhoneSimulator.Build.0 = Debug|Any CPU
		{6724A77D-3500-4EDF-8EB7-E6F49822A4C5}.Debug|iPhoneSimulator.Deploy.0 = Debug|Any CPU
		{6724A77D-3500-4EDF-8EB7-E6F49822A4C5}.Release|Any CPU.ActiveCfg = Release|Any CPU
		{6724A77D-3500-4EDF-8EB7-E6F49822A4C5}.Release|Any CPU.Build.0 = Release|Any CPU
		{6724A77D-3500-4EDF-8EB7-E6F49822A4C5}.Release|Any CPU.Deploy.0 = Release|Any CPU
		{6724A77D-3500-4EDF-8EB7-E6F49822A4C5}.Release|iPhone.ActiveCfg = Release|Any CPU
		{6724A77D-3500-4EDF-8EB7-E6F49822A4C5}.Release|iPhone.Build.0 = Release|Any CPU
		{6724A77D-3500-4EDF-8EB7-E6F49822A4C5}.Release|iPhone.Deploy.0 = Release|Any CPU
		{6724A77D-3500-4EDF-8EB7-E6F49822A4C5}.Release|iPhoneSimulator.ActiveCfg = Release|Any CPU
		{6724A77D-3500-4EDF-8EB7-E6F49822A4C5}.Release|iPhoneSimulator.Build.0 = Release|Any CPU
		{6724A77D-3500-4EDF-8EB7-E6F49822A4C5}.Release|iPhoneSimulator.Deploy.0 = Release|Any CPU
	EndGlobalSection
	GlobalSection(SolutionProperties) = preSolution
		HideSolutionNode = FALSE
	EndGlobalSection
	GlobalSection(ExtensibilityGlobals) = postSolution
		SolutionGuid = {482D2805-FD4D-4374-9AF8-8012046396C8}
	EndGlobalSection
EndGlobal
